{
  "name": "ddns_aliyun",
  "version": "1.0.0",
  "lockfileVersion": 2,
  "requires": true,
  "packages": {
    "": {
      "name": "ddns_aliyun",
      "version": "1.0.0",
      "license": "ISC",
      "dependencies": {
        "@alicloud/alidns20150109": "^3.0.0",
        "@alicloud/openapi-client": "^0.4.1",
        "cron": "^2.1.0",
        "needle": "^3.1.0",
        "node-cron": "^3.0.2",
        "node-windows": "^1.0.0-beta.8"
      }
    },
    "node_modules/@alicloud/alidns20150109": {
      "version": "3.0.0",
      "resolved": "https://registry.npmjs.org/@alicloud/alidns20150109/-/alidns20150109-3.0.0.tgz",
      "integrity": "sha512-dyoPPOPN1sOi4xbNJ6c7Zd5aFx4hkmsU7g8kw90As+VTHUgsPxSVgKrmX9bDpewaxKE6JzJzj+92r7B4loXo3w==",
      "dependencies": {
        "@alicloud/endpoint-util": "^0.0.1",
        "@alicloud/openapi-client": "^0.4.1",
        "@alicloud/openapi-util": "^0.2.9",
        "@alicloud/tea-typescript": "^1.7.1",
        "@alicloud/tea-util": "^1.4.4"
      }
    },
    "node_modules/@alicloud/credentials": {
      "version": "2.2.3",
      "resolved": "https://registry.npmjs.org/@alicloud/credentials/-/credentials-2.2.3.tgz",
      "integrity": "sha512-h98BZimKCQ5xKiFCdWa2OMYaenEP6g5Fndm/l0zp8iuYWOShnvEwBPFmHyHmwpb60KwEJp0LILl1WiBTS+5a1w==",
      "dependencies": {
        "@alicloud/tea-typescript": "^1.5.3",
        "httpx": "^2.2.0",
        "ini": "^1.3.5",
        "kitx": "^2.0.0"
      }
    },
    "node_modules/@alicloud/endpoint-util": {
      "version": "0.0.1",
      "resolved": "https://registry.npmjs.org/@alicloud/endpoint-util/-/endpoint-util-0.0.1.tgz",
      "integrity": "sha512-+pH7/KEXup84cHzIL6UJAaPqETvln4yXlD9JzlrqioyCSaWxbug5FUobsiI6fuUOpw5WwoB3fWAtGbFnJ1K3Yg==",
      "dependencies": {
        "@alicloud/tea-typescript": "^1.5.1",
        "kitx": "^2.0.0"
      }
    },
    "node_modules/@alicloud/gateway-spi": {
      "version": "0.0.8",
      "resolved": "https://registry.npmjs.org/@alicloud/gateway-spi/-/gateway-spi-0.0.8.tgz",
      "integrity": "sha512-KM7fu5asjxZPmrz9sJGHJeSU+cNQNOxW+SFmgmAIrITui5hXL2LB+KNRuzWmlwPjnuA2X3/keq9h6++S9jcV5g==",
      "dependencies": {
        "@alicloud/credentials": "^2",
        "@alicloud/tea-typescript": "^1.7.1"
      }
    },
    "node_modules/@alicloud/openapi-client": {
      "version": "0.4.1",
      "resolved": "https://registry.npmjs.org/@alicloud/openapi-client/-/openapi-client-0.4.1.tgz",
      "integrity": "sha512-FNGQ9kmGi0AuNFX9yj7DDbMn8CB4TvihIIQ3ONNhLZF8Hj2asau7NiqVoftJX3F/JFq9qzJWeVbvboSM9Zq5kA==",
      "dependencies": {
        "@alicloud/credentials": "^2",
        "@alicloud/gateway-spi": "^0.0.8",
        "@alicloud/openapi-util": "^0.2.7",
        "@alicloud/tea-typescript": "^1.7.1",
        "@alicloud/tea-util": "^1.4.0"
      }
    },
    "node_modules/@alicloud/openapi-util": {
      "version": "0.2.9",
      "resolved": "https://registry.npmjs.org/@alicloud/openapi-util/-/openapi-util-0.2.9.tgz",
      "integrity": "sha512-GUEYtX3lDv+WaZoDFCb0h9aZ8+IlajnSAxSHjiITbNtjCpZbA/vfd7Z/ST9YaPoT34nGqDNKiQTjqpLhaKtYBw==",
      "dependencies": {
        "@alicloud/tea-typescript": "^1.7.1",
        "@alicloud/tea-util": "^1.3.0",
        "kitx": "^2.1.0",
        "sm3": "^1.0.3"
      }
    },
    "node_modules/@alicloud/tea-typescript": {
      "version": "1.7.5",
      "resolved": "https://registry.npmjs.org/@alicloud/tea-typescript/-/tea-typescript-1.7.5.tgz",
      "integrity": "sha512-YyRMQaR+zURKBYkA+ckzS/m/5FH6x5P2oihCXLNZ6y0zmeRZPBfl8Rmr+mfPdCQA8ujkRDUn0zvj8M5kd7T0MQ==",
      "dependencies": {
        "@types/node": "^12.0.2",
        "httpx": "^2.2.6"
      }
    },
    "node_modules/@alicloud/tea-util": {
      "version": "1.4.4",
      "resolved": "https://registry.npmjs.org/@alicloud/tea-util/-/tea-util-1.4.4.tgz",
      "integrity": "sha512-uD2lMmVMSdcmv2rHTzfp2eW4OkyFig/qwBClz3Vh65qd+j6d+bjwGI1M6AnqNg9gL0yhF1Kb2Um8ljA14w1SRw==",
      "dependencies": {
        "@alicloud/tea-typescript": "^1.5.1",
        "kitx": "^2.0.0"
      }
    },
    "node_modules/@types/node": {
      "version": "12.20.55",
      "resolved": "https://registry.npmjs.org/@types/node/-/node-12.20.55.tgz",
      "integrity": "sha512-J8xLz7q2OFulZ2cyGTLE1TbbZcjpno7FaN6zdJNrgAdrJ+DZzh/uFR6YrTb4C+nXakvud8Q4+rbhoIWlYQbUFQ=="
    },
    "node_modules/ansi-regex": {
      "version": "5.0.1",
      "resolved": "https://registry.npmjs.org/ansi-regex/-/ansi-regex-5.0.1.tgz",
      "integrity": "sha512-quJQXlTSUGL2LH9SUXo8VwsY4soanhgo6LNSm84E1LBcE8s3O0wpdiRzyR9z/ZZJMlMWv37qOOb9pdJlMUEKFQ==",
      "engines": {
        "node": ">=8"
      }
    },
    "node_modules/ansi-styles": {
      "version": "4.3.0",
      "resolved": "https://registry.npmjs.org/ansi-styles/-/ansi-styles-4.3.0.tgz",
      "integrity": "sha512-zbB9rCJAT1rbjiVDb2hqKFHNYLxgtk8NURxZ3IZwD3F6NtxbXZQCnnSi1Lkx+IDohdPlFp222wVALIheZJQSEg==",
      "dependencies": {
        "color-convert": "^2.0.1"
      },
      "engines": {
        "node": ">=8"
      },
      "funding": {
        "url": "https://github.com/chalk/ansi-styles?sponsor=1"
      }
    },
    "node_modules/cliui": {
      "version": "8.0.1",
      "resolved": "https://registry.npmjs.org/cliui/-/cliui-8.0.1.tgz",
      "integrity": "sha512-BSeNnyus75C4//NQ9gQt1/csTXyo/8Sb+afLAkzAptFuMsod9HFokGNudZpi/oQV73hnVK+sR+5PVRMd+Dr7YQ==",
      "dependencies": {
        "string-width": "^4.2.0",
        "strip-ansi": "^6.0.1",
        "wrap-ansi": "^7.0.0"
      },
      "engines": {
        "node": ">=12"
      }
    },
    "node_modules/color-convert": {
      "version": "2.0.1",
      "resolved": "https://registry.npmjs.org/color-convert/-/color-convert-2.0.1.tgz",
      "integrity": "sha512-RRECPsj7iu/xb5oKYcsFHSppFNnsj/52OVTRKb4zP5onXwVF3zVmmToNcOfGC+CRDpfK/U584fMg38ZHCaElKQ==",
      "dependencies": {
        "color-name": "~1.1.4"
      },
      "engines": {
        "node": ">=7.0.0"
      }
    },
    "node_modules/color-name": {
      "version": "1.1.4",
      "resolved": "https://registry.npmjs.org/color-name/-/color-name-1.1.4.tgz",
      "integrity": "sha512-dOy+3AuW3a2wNbZHIuMZpTcgjGuLU/uBL/ubcZF9OXbDo8ff4O8yVp5Bf0efS8uEoYo5q4Fx7dY9OgQGXgAsQA=="
    },
    "node_modules/cron": {
      "version": "2.1.0",
      "resolved": "https://registry.npmjs.org/cron/-/cron-2.1.0.tgz",
      "integrity": "sha512-Hq7u3P8y7UWYvsZbSKHHJDVG0VO9O7tp2qljxzTScelcTODBfCme8AIhnZsFwmQ9NchZ3hr2uNr+s3DSms7q6w==",
      "dependencies": {
        "luxon": "^1.23.x"
      }
    },
    "node_modules/debug": {
      "version": "4.3.4",
      "resolved": "https://registry.npmjs.org/debug/-/debug-4.3.4.tgz",
      "integrity": "sha512-PRWFHuSU3eDtQJPvnNY7Jcket1j0t5OuOsFzPPzsekD52Zl8qUfFIPEiswXqIvHWGVHOgX+7G/vCNNhehwxfkQ==",
      "dependencies": {
        "ms": "2.1.2"
      },
      "engines": {
        "node": ">=6.0"
      },
      "peerDependenciesMeta": {
        "supports-color": {
          "optional": true
        }
      }
    },
    "node_modules/emoji-regex": {
      "version": "8.0.0",
      "resolved": "https://registry.npmjs.org/emoji-regex/-/emoji-regex-8.0.0.tgz",
      "integrity": "sha512-MSjYzcWNOA0ewAHpz0MxpYFvwg6yjy1NG3xteoqz644VCo/RPgnr1/GGt+ic3iJTzQ8Eu3TdM14SawnVUmGE6A=="
    },
    "node_modules/escalade": {
      "version": "3.1.1",
      "resolved": "https://registry.npmjs.org/escalade/-/escalade-3.1.1.tgz",
      "integrity": "sha512-k0er2gUkLf8O0zKJiAhmkTnJlTvINGv7ygDNPbeIsX/TJjGJZHuh9B2UxbsaEkmlEo9MfhrSzmhIlhRlI2GXnw==",
      "engines": {
        "node": ">=6"
      }
    },
    "node_modules/get-caller-file": {
      "version": "2.0.5",
      "resolved": "https://registry.npmjs.org/get-caller-file/-/get-caller-file-2.0.5.tgz",
      "integrity": "sha512-DyFP3BM/3YHTQOCUL/w0OZHR0lpKeGrxotcHWcqNEdnltqFwXVfhEBQ94eIo34AfQpo0rGki4cyIiftY06h2Fg==",
      "engines": {
        "node": "6.* || 8.* || >= 10.*"
      }
    },
    "node_modules/httpx": {
      "version": "2.2.7",
      "resolved": "https://registry.npmjs.org/httpx/-/httpx-2.2.7.tgz",
      "integrity": "sha512-Wjh2JOAah0pdczfqL8NC5378G7jMt0Zcpn8U+yyxAiejjlagzSTQgJHuVvka2VNPQlKfoGehYRc79WKq9E4gDw==",
      "dependencies": {
        "@types/node": "^14",
        "debug": "^4.1.1"
      }
    },
    "node_modules/httpx/node_modules/@types/node": {
      "version": "14.18.26",
      "resolved": "https://registry.npmjs.org/@types/node/-/node-14.18.26.tgz",
      "integrity": "sha512-0b+utRBSYj8L7XAp0d+DX7lI4cSmowNaaTkk6/1SKzbKkG+doLuPusB9EOvzLJ8ahJSk03bTLIL6cWaEd4dBKA=="
    },
    "node_modules/iconv-lite": {
      "version": "0.6.3",
      "resolved": "https://registry.npmjs.org/iconv-lite/-/iconv-lite-0.6.3.tgz",
      "integrity": "sha512-4fCk79wshMdzMp2rH06qWrJE4iolqLhCUH+OiuIgU++RB0+94NlDL81atO7GX55uUKueo0txHNtvEyI6D7WdMw==",
      "dependencies": {
        "safer-buffer": ">= 2.1.2 < 3.0.0"
      },
      "engines": {
        "node": ">=0.10.0"
      }
    },
    "node_modules/ini": {
      "version": "1.3.8",
      "resolved": "https://registry.npmjs.org/ini/-/ini-1.3.8.tgz",
      "integrity": "sha512-JV/yugV2uzW5iMRSiZAyDtQd+nxtUnjeLt0acNdw98kKLrvuRVyB80tsREOE7yvGVgalhZ6RNXCmEHkUKBKxew=="
    },
    "node_modules/is-fullwidth-code-point": {
      "version": "3.0.0",
      "resolved": "https://registry.npmjs.org/is-fullwidth-code-point/-/is-fullwidth-code-point-3.0.0.tgz",
      "integrity": "sha512-zymm5+u+sCsSWyD9qNaejV3DFvhCKclKdizYaJUuHA83RLjb7nSuGnddCHGv0hk+KY7BMAlsWeK4Ueg6EV6XQg==",
      "engines": {
        "node": ">=8"
      }
    },
    "node_modules/kitx": {
      "version": "2.1.0",
      "resolved": "https://registry.npmjs.org/kitx/-/kitx-2.1.0.tgz",
      "integrity": "sha512-C/5v9MtIX7aHGOjwn5BmrrbNkJSf7i0R5mRzmh13GSAdRqQ7bYQo/Su2pTYNylFicqKNTVX3HML9k1u8k51+pQ==",
      "dependencies": {
        "@types/node": "^12.0.2"
      }
    },
    "node_modules/luxon": {
      "version": "1.28.0",
      "resolved": "https://registry.npmjs.org/luxon/-/luxon-1.28.0.tgz",
      "integrity": "sha512-TfTiyvZhwBYM/7QdAVDh+7dBTBA29v4ik0Ce9zda3Mnf8on1S5KJI8P2jKFZ8+5C0jhmr0KwJEO/Wdpm0VeWJQ==",
      "engines": {
        "node": "*"
      }
    },
    "node_modules/ms": {
      "version": "2.1.2",
      "resolved": "https://registry.npmjs.org/ms/-/ms-2.1.2.tgz",
      "integrity": "sha512-sGkPx+VjMtmA6MX27oA4FBFELFCZZ4S4XqeGOXCv68tT+jb3vk/RyaKWP0PTKyWtmLSM0b+adUTEvbs1PEaH2w=="
    },
    "node_modules/needle": {
      "version": "3.1.0",
      "resolved": "https://registry.npmjs.org/needle/-/needle-3.1.0.tgz",
      "integrity": "sha512-gCE9weDhjVGCRqS8dwDR/D3GTAeyXLXuqp7I8EzH6DllZGXSUyxuqqLh+YX9rMAWaaTFyVAg6rHGL25dqvczKw==",
      "dependencies": {
        "debug": "^3.2.6",
        "iconv-lite": "^0.6.3",
        "sax": "^1.2.4"
      },
      "bin": {
        "needle": "bin/needle"
      },
      "engines": {
        "node": ">= 4.4.x"
      }
    },
    "node_modules/needle/node_modules/debug": {
      "version": "3.2.7",
      "resolved": "https://registry.npmjs.org/debug/-/debug-3.2.7.tgz",
      "integrity": "sha512-CFjzYYAi4ThfiQvizrFQevTTXHtnCqWfe7x1AhgEscTz6ZbLbfoLRLPugTQyBth6f8ZERVUSyWHFD/7Wu4t1XQ==",
      "dependencies": {
        "ms": "^2.1.1"
      }
    },
    "node_modules/node-cron": {
      "version": "3.0.2",
      "resolved": "https://registry.npmjs.org/node-cron/-/node-cron-3.0.2.tgz",
      "integrity": "sha512-iP8l0yGlNpE0e6q1o185yOApANRe47UPbLf4YxfbiNHt/RU5eBcGB/e0oudruheSf+LQeDMezqC5BVAb5wwRcQ==",
      "dependencies": {
        "uuid": "8.3.2"
      },
      "engines": {
        "node": ">=6.0.0"
      }
    },
    "node_modules/node-windows": {
      "version": "1.0.0-beta.8",
      "resolved": "https://registry.npmjs.org/node-windows/-/node-windows-1.0.0-beta.8.tgz",
      "integrity": "sha512-uLekXnSeem3nW5escID224Fd0U/1VtvE796JpSpOY+c73Cslz/Qn2WUHRJyPQJEMrNGAy/FMRFjjhh4z1alZTA==",
      "dependencies": {
        "xml": "1.0.1",
        "yargs": "^17.5.1"
      }
    },
    "node_modules/require-directory": {
      "version": "2.1.1",
      "resolved": "https://registry.npmjs.org/require-directory/-/require-directory-2.1.1.tgz",
      "integrity": "sha512-fGxEI7+wsG9xrvdjsrlmL22OMTTiHRwAMroiEeMgq8gzoLC/PQr7RsRDSTLUg/bZAZtF+TVIkHc6/4RIKrui+Q==",
      "engines": {
        "node": ">=0.10.0"
      }
    },
    "node_modules/safer-buffer": {
      "version": "2.1.2",
      "resolved": "https://registry.npmjs.org/safer-buffer/-/safer-buffer-2.1.2.tgz",
      "integrity": "sha512-YZo3K82SD7Riyi0E1EQPojLz7kpepnSQI9IyPbHHg1XXXevb5dJI7tpyN2ADxGcQbHG7vcyRHk0cbwqcQriUtg=="
    },
    "node_modules/sax": {
      "version": "1.2.4",
      "resolved": "https://registry.npmjs.org/sax/-/sax-1.2.4.tgz",
      "integrity": "sha512-NqVDv9TpANUjFm0N8uM5GxL36UgKi9/atZw+x7YFnQ8ckwFGKrl4xX4yWtrey3UJm5nP1kUbnYgLopqWNSRhWw=="
    },
    "node_modules/sm3": {
      "version": "1.0.3",
      "resolved": "https://registry.npmjs.org/sm3/-/sm3-1.0.3.tgz",
      "integrity": "sha512-KyFkIfr8QBlFG3uc3NaljaXdYcsbRy1KrSfc4tsQV8jW68jAktGeOcifu530Vx/5LC+PULHT0Rv8LiI8Gw+c1g=="
    },
    "node_modules/string-width": {
      "version": "4.2.3",
      "resolved": "https://registry.npmjs.org/string-width/-/string-width-4.2.3.tgz",
      "integrity": "sha512-wKyQRQpjJ0sIp62ErSZdGsjMJWsap5oRNihHhu6G7JVO/9jIB6UyevL+tXuOqrng8j/cxKTWyWUwvSTriiZz/g==",
      "dependencies": {
        "emoji-regex": "^8.0.0",
        "is-fullwidth-code-point": "^3.0.0",
        "strip-ansi": "^6.0.1"
      },
      "engines": {
        "node": ">=8"
      }
    },
    "node_modules/strip-ansi": {
      "version": "6.0.1",
      "resolved": "https://registry.npmjs.org/strip-ansi/-/strip-ansi-6.0.1.tgz",
      "integrity": "sha512-Y38VPSHcqkFrCpFnQ9vuSXmquuv5oXOKpGeT6aGrr3o3Gc9AlVa6JBfUSOCnbxGGZF+/0ooI7KrPuUSztUdU5A==",
      "dependencies": {
        "ansi-regex": "^5.0.1"
      },
      "engines": {
        "node": ">=8"
      }
    },
    "node_modules/uuid": {
      "version": "8.3.2",
      "resolved": "https://registry.npmjs.org/uuid/-/uuid-8.3.2.tgz",
      "integrity": "sha512-+NYs2QeMWy+GWFOEm9xnn6HCDp0l7QBD7ml8zLUmJ+93Q5NF0NocErnwkTkXVFNiX3/fpC6afS8Dhb/gz7R7eg==",
      "bin": {
        "uuid": "dist/bin/uuid"
      }
    },
    "node_modules/wrap-ansi": {
      "version": "7.0.0",
      "resolved": "https://registry.npmjs.org/wrap-ansi/-/wrap-ansi-7.0.0.tgz",
      "integrity": "sha512-YVGIj2kamLSTxw6NsZjoBxfSwsn0ycdesmc4p+Q21c5zPuZ1pl+NfxVdxPtdHvmNVOQ6XSYG4AUtyt/Fi7D16Q==",
      "dependencies": {
        "ansi-styles": "^4.0.0",
        "string-width": "^4.1.0",
        "strip-ansi": "^6.0.0"
      },
      "engines": {
        "node": ">=10"
      },
      "funding": {
        "url": "https://github.com/chalk/wrap-ansi?sponsor=1"
      }
    },
    "node_modules/xml": {
      "version": "1.0.1",
      "resolved": "https://registry.npmjs.org/xml/-/xml-1.0.1.tgz",
      "integrity": "sha512-huCv9IH9Tcf95zuYCsQraZtWnJvBtLVE0QHMOs8bWyZAFZNDcYjsPq1nEx8jKA9y+Beo9v+7OBPRisQTjinQMw=="
    },
    "node_modules/y18n": {
      "version": "5.0.8",
      "resolved": "https://registry.npmjs.org/y18n/-/y18n-5.0.8.tgz",
      "integrity": "sha512-0pfFzegeDWJHJIAmTLRP2DwHjdF5s7jo9tuztdQxAhINCdvS+3nGINqPd00AphqJR/0LhANUS6/+7SCb98YOfA==",
      "engines": {
        "node": ">=10"
      }
    },
    "node_modules/yargs": {
      "version": "17.6.0",
      "resolved": "https://registry.npmjs.org/yargs/-/yargs-17.6.0.tgz",
      "integrity": "sha512-8H/wTDqlSwoSnScvV2N/JHfLWOKuh5MVla9hqLjK3nsfyy6Y4kDSYSvkU5YCUEPOSnRXfIyx3Sq+B/IWudTo4g==",
      "dependencies": {
        "cliui": "^8.0.1",
        "escalade": "^3.1.1",
        "get-caller-file": "^2.0.5",
        "require-directory": "^2.1.1",
        "string-width": "^4.2.3",
        "y18n": "^5.0.5",
        "yargs-parser": "^21.0.0"
      },
      "engines": {
        "node": ">=12"
      }
    },
    "node_modules/yargs-parser": {
      "version": "21.1.1",
      "resolved": "https://registry.npmjs.org/yargs-parser/-/yargs-parser-21.1.1.tgz",
      "integrity": "sha512-tVpsJW7DdjecAiFpbIB1e3qxIQsE6NoPc5/eTdrbbIC4h0LVsWhnoa3g+m2HclBIujHzsxZ4VJVA+GUuc2/LBw==",
      "engines": {
        "node": ">=12"
      }
    }
  },
  "dependencies": {
    "@alicloud/alidns20150109": {
      "version": "3.0.0",
      "resolved": "https://registry.npmjs.org/@alicloud/alidns20150109/-/alidns20150109-3.0.0.tgz",
      "integrity": "sha512-dyoPPOPN1sOi4xbNJ6c7Zd5aFx4hkmsU7g8kw90As+VTHUgsPxSVgKrmX9bDpewaxKE6JzJzj+92r7B4loXo3w==",
      "requires": {
        "@alicloud/endpoint-util": "^0.0.1",
        "@alicloud/openapi-client": "^0.4.1",
        "@alicloud/openapi-util": "^0.2.9",
        "@alicloud/tea-typescript": "^1.7.1",
        "@alicloud/tea-util": "^1.4.4"
      }
    },
    "@alicloud/credentials": {
      "version": "2.2.3",
      "resolved": "https://registry.npmjs.org/@alicloud/credentials/-/credentials-2.2.3.tgz",
      "integrity": "sha512-h98BZimKCQ5xKiFCdWa2OMYaenEP6g5Fndm/l0zp8iuYWOShnvEwBPFmHyHmwpb60KwEJp0LILl1WiBTS+5a1w==",
      "requires": {
        "@alicloud/tea-typescript": "^1.5.3",
        "httpx": "^2.2.0",
        "ini": "^1.3.5",
        "kitx": "^2.0.0"
      }
    },
    "@alicloud/endpoint-util": {
      "version": "0.0.1",
      "resolved": "https://registry.npmjs.org/@alicloud/endpoint-util/-/endpoint-util-0.0.1.tgz",
      "integrity": "sha512-+pH7/KEXup84cHzIL6UJAaPqETvln4yXlD9JzlrqioyCSaWxbug5FUobsiI6fuUOpw5WwoB3fWAtGbFnJ1K3Yg==",
      "requires": {
        "@alicloud/tea-typescript": "^1.5.1",
        "kitx": "^2.0.0"
      }
    },
    "@alicloud/gateway-spi": {
      "version": "0.0.8",
      "resolved": "https://registry.npmjs.org/@alicloud/gateway-spi/-/gateway-spi-0.0.8.tgz",
      "integrity": "sha512-KM7fu5asjxZPmrz9sJGHJeSU+cNQNOxW+SFmgmAIrITui5hXL2LB+KNRuzWmlwPjnuA2X3/keq9h6++S9jcV5g==",
      "requires": {
        "@alicloud/credentials": "^2",
        "@alicloud/tea-typescript": "^1.7.1"
      }
    },
    "@alicloud/openapi-client": {
      "version": "0.4.1",
      "resolved": "https://registry.npmjs.org/@alicloud/openapi-client/-/openapi-client-0.4.1.tgz",
      "integrity": "sha512-FNGQ9kmGi0AuNFX9yj7DDbMn8CB4TvihIIQ3ONNhLZF8Hj2asau7NiqVoftJX3F/JFq9qzJWeVbvboSM9Zq5kA==",
      "requires": {
        "@alicloud/credentials": "^2",
        "@alicloud/gateway-spi": "^0.0.8",
        "@alicloud/openapi-util": "^0.2.7",
        "@alicloud/tea-typescript": "^1.7.1",
        "@alicloud/tea-util": "^1.4.0"
      }
    },
    "@alicloud/openapi-util": {
      "version": "0.2.9",
      "resolved": "https://registry.npmjs.org/@alicloud/openapi-util/-/openapi-util-0.2.9.tgz",
      "integrity": "sha512-GUEYtX3lDv+WaZoDFCb0h9aZ8+IlajnSAxSHjiITbNtjCpZbA/vfd7Z/ST9YaPoT34nGqDNKiQTjqpLhaKtYBw==",
      "requires": {
        "@alicloud/tea-typescript": "^1.7.1",
        "@alicloud/tea-util": "^1.3.0",
        "kitx": "^2.1.0",
        "sm3": "^1.0.3"
      }
    },
    "@alicloud/tea-typescript": {
      "version": "1.7.5",
      "resolved": "https://registry.npmjs.org/@alicloud/tea-typescript/-/tea-typescript-1.7.5.tgz",
      "integrity": "sha512-YyRMQaR+zURKBYkA+ckzS/m/5FH6x5P2oihCXLNZ6y0zmeRZPBfl8Rmr+mfPdCQA8ujkRDUn0zvj8M5kd7T0MQ==",
      "requires": {
        "@types/node": "^12.0.2",
        "httpx": "^2.2.6"
      }
    },
    "@alicloud/tea-util": {
      "version": "1.4.4",
      "resolved": "https://registry.npmjs.org/@alicloud/tea-util/-/tea-util-1.4.4.tgz",
      "integrity": "sha512-uD2lMmVMSdcmv2rHTzfp2eW4OkyFig/qwBClz3Vh65qd+j6d+bjwGI1M6AnqNg9gL0yhF1Kb2Um8ljA14w1SRw==",
      "requires": {
        "@alicloud/tea-typescript": "^1.5.1",
        "kitx": "^2.0.0"
      }
    },
    "@types/node": {
      "version": "12.20.55",
      "resolved": "https://registry.npmjs.org/@types/node/-/node-12.20.55.tgz",
      "integrity": "sha512-J8xLz7q2OFulZ2cyGTLE1TbbZcjpno7FaN6zdJNrgAdrJ+DZzh/uFR6YrTb4C+nXakvud8Q4+rbhoIWlYQbUFQ=="
    },
    "ansi-regex": {
      "version": "5.0.1",
      "resolved": "https://registry.npmjs.org/ansi-regex/-/ansi-regex-5.0.1.tgz",
      "integrity": "sha512-quJQXlTSUGL2LH9SUXo8VwsY4soanhgo6LNSm84E1LBcE8s3O0wpdiRzyR9z/ZZJMlMWv37qOOb9pdJlMUEKFQ=="
    },
    "ansi-styles": {
      "version": "4.3.0",
      "resolved": "https://registry.npmjs.org/ansi-styles/-/ansi-styles-4.3.0.tgz",
      "integrity": "sha512-zbB9rCJAT1rbjiVDb2hqKFHNYLxgtk8NURxZ3IZwD3F6NtxbXZQCnnSi1Lkx+IDohdPlFp222wVALIheZJQSEg==",
      "requires": {
        "color-convert": "^2.0.1"
      }
    },
    "cliui": {
      "version": "8.0.1",
      "resolved": "https://registry.npmjs.org/cliui/-/cliui-8.0.1.tgz",
      "integrity": "sha512-BSeNnyus75C4//NQ9gQt1/csTXyo/8Sb+afLAkzAptFuMsod9HFokGNudZpi/oQV73hnVK+sR+5PVRMd+Dr7YQ==",
      "requires": {
        "string-width": "^4.2.0",
        "strip-ansi": "^6.0.1",
        "wrap-ansi": "^7.0.0"
      }
    },
    "color-convert": {
      "version": "2.0.1",
      "resolved": "https://registry.npmjs.org/color-convert/-/color-convert-2.0.1.tgz",
      "integrity": "sha512-RRECPsj7iu/xb5oKYcsFHSppFNnsj/52OVTRKb4zP5onXwVF3zVmmToNcOfGC+CRDpfK/U584fMg38ZHCaElKQ==",
      "requires": {
        "color-name": "~1.1.4"
      }
    },
    "color-name": {
      "version": "1.1.4",
      "resolved": "https://registry.npmjs.org/color-name/-/color-name-1.1.4.tgz",
      "integrity": "sha512-dOy+3AuW3a2wNbZHIuMZpTcgjGuLU/uBL/ubcZF9OXbDo8ff4O8yVp5Bf0efS8uEoYo5q4Fx7dY9OgQGXgAsQA=="
    },
    "cron": {
      "version": "2.1.0",
      "resolved": "https://registry.npmjs.org/cron/-/cron-2.1.0.tgz",
      "integrity": "sha512-Hq7u3P8y7UWYvsZbSKHHJDVG0VO9O7tp2qljxzTScelcTODBfCme8AIhnZsFwmQ9NchZ3hr2uNr+s3DSms7q6w==",
      "requires": {
        "luxon": "^1.23.x"
      }
    },
    "debug": {
      "version": "4.3.4",
      "resolved": "https://registry.npmjs.org/debug/-/debug-4.3.4.tgz",
      "integrity": "sha512-PRWFHuSU3eDtQJPvnNY7Jcket1j0t5OuOsFzPPzsekD52Zl8qUfFIPEiswXqIvHWGVHOgX+7G/vCNNhehwxfkQ==",
      "requires": {
        "ms": "2.1.2"
      }
    },
    "emoji-regex": {
      "version": "8.0.0",
      "resolved": "https://registry.npmjs.org/emoji-regex/-/emoji-regex-8.0.0.tgz",
      "integrity": "sha512-MSjYzcWNOA0ewAHpz0MxpYFvwg6yjy1NG3xteoqz644VCo/RPgnr1/GGt+ic3iJTzQ8Eu3TdM14SawnVUmGE6A=="
    },
    "escalade": {
      "version": "3.1.1",
      "resolved": "https://registry.npmjs.org/escalade/-/escalade-3.1.1.tgz",
      "integrity": "sha512-k0er2gUkLf8O0zKJiAhmkTnJlTvINGv7ygDNPbeIsX/TJjGJZHuh9B2UxbsaEkmlEo9MfhrSzmhIlhRlI2GXnw=="
    },
    "get-caller-file": {
      "version": "2.0.5",
      "resolved": "https://registry.npmjs.org/get-caller-file/-/get-caller-file-2.0.5.tgz",
      "integrity": "sha512-DyFP3BM/3YHTQOCUL/w0OZHR0lpKeGrxotcHWcqNEdnltqFwXVfhEBQ94eIo34AfQpo0rGki4cyIiftY06h2Fg=="
    },
    "httpx": {
      "version": "2.2.7",
      "resolved": "https://registry.npmjs.org/httpx/-/httpx-2.2.7.tgz",
      "integrity": "sha512-Wjh2JOAah0pdczfqL8NC5378G7jMt0Zcpn8U+yyxAiejjlagzSTQgJHuVvka2VNPQlKfoGehYRc79WKq9E4gDw==",
      "requires": {
        "@types/node": "^14",
        "debug": "^4.1.1"
      },
      "dependencies": {
        "@types/node": {
          "version": "14.18.26",
          "resolved": "https://registry.npmjs.org/@types/node/-/node-14.18.26.tgz",
          "integrity": "sha512-0b+utRBSYj8L7XAp0d+DX7lI4cSmowNaaTkk6/1SKzbKkG+doLuPusB9EOvzLJ8ahJSk03bTLIL6cWaEd4dBKA=="
        }
      }
    },
    "iconv-lite": {
      "version": "0.6.3",
      "resolved": "https://registry.npmjs.org/iconv-lite/-/iconv-lite-0.6.3.tgz",
      "integrity": "sha512-4fCk79wshMdzMp2rH06qWrJE4iolqLhCUH+OiuIgU++RB0+94NlDL81atO7GX55uUKueo0txHNtvEyI6D7WdMw==",
      "requires": {
        "safer-buffer": ">= 2.1.2 < 3.0.0"
      }
    },
    "ini": {
      "version": "1.3.8",
      "resolved": "https://registry.npmjs.org/ini/-/ini-1.3.8.tgz",
      "integrity": "sha512-JV/yugV2uzW5iMRSiZAyDtQd+nxtUnjeLt0acNdw98kKLrvuRVyB80tsREOE7yvGVgalhZ6RNXCmEHkUKBKxew=="
    },
    "is-fullwidth-code-point": {
      "version": "3.0.0",
      "resolved": "https://registry.npmjs.org/is-fullwidth-code-point/-/is-fullwidth-code-point-3.0.0.tgz",
      "integrity": "sha512-zymm5+u+sCsSWyD9qNaejV3DFvhCKclKdizYaJUuHA83RLjb7nSuGnddCHGv0hk+KY7BMAlsWeK4Ueg6EV6XQg=="
    },
    "kitx": {
      "version": "2.1.0",
      "resolved": "https://registry.npmjs.org/kitx/-/kitx-2.1.0.tgz",
      "integrity": "sha512-C/5v9MtIX7aHGOjwn5BmrrbNkJSf7i0R5mRzmh13GSAdRqQ7bYQo/Su2pTYNylFicqKNTVX3HML9k1u8k51+pQ==",
      "requires": {
        "@types/node": "^12.0.2"
      }
    },
    "luxon": {
      "version": "1.28.0",
      "resolved": "https://registry.npmjs.org/luxon/-/luxon-1.28.0.tgz",
      "integrity": "sha512-TfTiyvZhwBYM/7QdAVDh+7dBTBA29v4ik0Ce9zda3Mnf8on1S5KJI8P2jKFZ8+5C0jhmr0KwJEO/Wdpm0VeWJQ=="
    },
    "ms": {
      "version": "2.1.2",
      "resolved": "https://registry.npmjs.org/ms/-/ms-2.1.2.tgz",
      "integrity": "sha512-sGkPx+VjMtmA6MX27oA4FBFELFCZZ4S4XqeGOXCv68tT+jb3vk/RyaKWP0PTKyWtmLSM0b+adUTEvbs1PEaH2w=="
    },
    "needle": {
      "version": "3.1.0",
      "resolved": "https://registry.npmjs.org/needle/-/needle-3.1.0.tgz",
      "integrity": "sha512-gCE9weDhjVGCRqS8dwDR/D3GTAeyXLXuqp7I8EzH6DllZGXSUyxuqqLh+YX9rMAWaaTFyVAg6rHGL25dqvczKw==",
      "requires": {
        "debug": "^3.2.6",
        "iconv-lite": "^0.6.3",
        "sax": "^1.2.4"
      },
      "dependencies": {
        "debug": {
          "version": "3.2.7",
          "resolved": "https://registry.npmjs.org/debug/-/debug-3.2.7.tgz",
          "integrity": "sha512-CFjzYYAi4ThfiQvizrFQevTTXHtnCqWfe7x1AhgEscTz6ZbLbfoLRLPugTQyBth6f8ZERVUSyWHFD/7Wu4t1XQ==",
          "requires": {
            "ms": "^2.1.1"
          }
        }
      }
    },
    "node-cron": {
      "version": "3.0.2",
      "resolved": "https://registry.npmjs.org/node-cron/-/node-cron-3.0.2.tgz",
      "integrity": "sha512-iP8l0yGlNpE0e6q1o185yOApANRe47UPbLf4YxfbiNHt/RU5eBcGB/e0oudruheSf+LQeDMezqC5BVAb5wwRcQ==",
      "requires": {
        "uuid": "8.3.2"
      }
    },
    "node-windows": {
      "version": "1.0.0-beta.8",
      "resolved": "https://registry.npmjs.org/node-windows/-/node-windows-1.0.0-beta.8.tgz",
      "integrity": "sha512-uLekXnSeem3nW5escID224Fd0U/1VtvE796JpSpOY+c73Cslz/Qn2WUHRJyPQJEMrNGAy/FMRFjjhh4z1alZTA==",
      "requires": {
        "xml": "1.0.1",
        "yargs": "^17.5.1"
      }
    },
    "require-directory": {
      "version": "2.1.1",
      "resolved": "https://registry.npmjs.org/require-directory/-/require-directory-2.1.1.tgz",
      "integrity": "sha512-fGxEI7+wsG9xrvdjsrlmL22OMTTiHRwAMroiEeMgq8gzoLC/PQr7RsRDSTLUg/bZAZtF+TVIkHc6/4RIKrui+Q=="
    },
    "safer-buffer": {
      "version": "2.1.2",
      "resolved": "https://registry.npmjs.org/safer-buffer/-/safer-buffer-2.1.2.tgz",
      "integrity": "sha512-YZo3K82SD7Riyi0E1EQPojLz7kpepnSQI9IyPbHHg1XXXevb5dJI7tpyN2ADxGcQbHG7vcyRHk0cbwqcQriUtg=="
    },
    "sax": {
      "version": "1.2.4",
      "resolved": "https://registry.npmjs.org/sax/-/sax-1.2.4.tgz",
      "integrity": "sha512-NqVDv9TpANUjFm0N8uM5GxL36UgKi9/atZw+x7YFnQ8ckwFGKrl4xX4yWtrey3UJm5nP1kUbnYgLopqWNSRhWw=="
    },
    "sm3": {
      "version": "1.0.3",
      "resolved": "https://registry.npmjs.org/sm3/-/sm3-1.0.3.tgz",
      "integrity": "sha512-KyFkIfr8QBlFG3uc3NaljaXdYcsbRy1KrSfc4tsQV8jW68jAktGeOcifu530Vx/5LC+PULHT0Rv8LiI8Gw+c1g=="
    },
    "string-width": {
      "version": "4.2.3",
      "resolved": "https://registry.npmjs.org/string-width/-/string-width-4.2.3.tgz",
      "integrity": "sha512-wKyQRQpjJ0sIp62ErSZdGsjMJWsap5oRNihHhu6G7JVO/9jIB6UyevL+tXuOqrng8j/cxKTWyWUwvSTriiZz/g==",
      "requires": {
        "emoji-regex": "^8.0.0",
        "is-fullwidth-code-point": "^3.0.0",
        "strip-ansi": "^6.0.1"
      }
    },
    "strip-ansi": {
      "version": "6.0.1",
      "resolved": "https://registry.npmjs.org/strip-ansi/-/strip-ansi-6.0.1.tgz",
      "integrity": "sha512-Y38VPSHcqkFrCpFnQ9vuSXmquuv5oXOKpGeT6aGrr3o3Gc9AlVa6JBfUSOCnbxGGZF+/0ooI7KrPuUSztUdU5A==",
      "requires": {
        "ansi-regex": "^5.0.1"
      }
    },
    "uuid": {
      "version": "8.3.2",
      "resolved": "https://registry.npmjs.org/uuid/-/uuid-8.3.2.tgz",
      "integrity": "sha512-+NYs2QeMWy+GWFOEm9xnn6HCDp0l7QBD7ml8zLUmJ+93Q5NF0NocErnwkTkXVFNiX3/fpC6afS8Dhb/gz7R7eg=="
    },
    "wrap-ansi": {
      "version": "7.0.0",
      "resolved": "https://registry.npmjs.org/wrap-ansi/-/wrap-ansi-7.0.0.tgz",
      "integrity": "sha512-YVGIj2kamLSTxw6NsZjoBxfSwsn0ycdesmc4p+Q21c5zPuZ1pl+NfxVdxPtdHvmNVOQ6XSYG4AUtyt/Fi7D16Q==",
      "requires": {
        "ansi-styles": "^4.0.0",
        "string-width": "^4.1.0",
        "strip-ansi": "^6.0.0"
      }
    },
    "xml": {
      "version": "1.0.1",
      "resolved": "https://registry.npmjs.org/xml/-/xml-1.0.1.tgz",
      "integrity": "sha512-huCv9IH9Tcf95zuYCsQraZtWnJvBtLVE0QHMOs8bWyZAFZNDcYjsPq1nEx8jKA9y+Beo9v+7OBPRisQTjinQMw=="
    },
    "y18n": {
      "version": "5.0.8",
      "resolved": "https://registry.npmjs.org/y18n/-/y18n-5.0.8.tgz",
      "integrity": "sha512-0pfFzegeDWJHJIAmTLRP2DwHjdF5s7jo9tuztdQxAhINCdvS+3nGINqPd00AphqJR/0LhANUS6/+7SCb98YOfA=="
    },
    "yargs": {
      "version": "17.6.0",
      "resolved": "https://registry.npmjs.org/yargs/-/yargs-17.6.0.tgz",
      "integrity": "sha512-8H/wTDqlSwoSnScvV2N/JHfLWOKuh5MVla9hqLjK3nsfyy6Y4kDSYSvkU5YCUEPOSnRXfIyx3Sq+B/IWudTo4g==",
      "requires": {
        "cliui": "^8.0.1",
        "escalade": "^3.1.1",
        "get-caller-file": "^2.0.5",
        "require-directory": "^2.1.1",
        "string-width": "^4.2.3",
        "y18n": "^5.0.5",
        "yargs-parser": "^21.0.0"
      }
    },
    "yargs-parser": {
      "version": "21.1.1",
      "resolved": "https://registry.npmjs.org/yargs-parser/-/yargs-parser-21.1.1.tgz",
      "integrity": "sha512-tVpsJW7DdjecAiFpbIB1e3qxIQsE6NoPc5/eTdrbbIC4h0LVsWhnoa3g+m2HclBIujHzsxZ4VJVA+GUuc2/LBw=="
    }
  }
}
